
Microsoft Visual Studio Solution File, Format Version 12.00
# Visual Studio Version 16
VisualStudioVersion = 16.0.31613.86
MinimumVisualStudioVersion = 10.0.40219.1
Project("{FAE04EC0-301F-11D3-BF4B-00C04F79EFBC}") = "StructAndEnum", "StructAndEnum\StructAndEnum.csproj", "{FE2FD05D-C9F0-4FE1-B0F5-18FFED707173}"
EndProject
Global
	GlobalSection(SolutionConfigurationPlatforms) = preSolution
		Debug|Any CPU = Debug|Any CPU
		Release|Any CPU = Release|Any CPU
	EndGlobalSection
	GlobalSection(ProjectConfigurationPlatforms) = postSolution
		{FE2FD05D-C9F0-4FE1-B0F5-18FFED707173}.Debug|Any CPU.ActiveCfg = Debug|Any CPU
		{FE2FD05D-C9F0-4FE1-B0F5-18FFED707173}.Debug|Any CPU.Build.0 = Debug|Any CPU
		{FE2FD05D-C9F0-4FE1-B0F5-18FFED707173}.Release|Any CPU.ActiveCfg = Release|Any CPU
		{FE2FD05D-C9F0-4FE1-B0F5-18FFED707173}.Release|Any CPU.Build.0 = Release|Any CPU
	EndGlobalSection
	GlobalSection(SolutionProperties) = preSolution
		HideSolutionNode = FALSE
	EndGlobalSection
	GlobalSection(ExtensibilityGlobals) = postSolution
		SolutionGuid = {D0837833-F661-46A1-AEDC-4A975E6FB804}
	EndGlobalSection
EndGlobal
